// !$*UTF8*$!
{
	archiveVersion = 1;
	classes = {
	};
	objectVersion = 50;
	objects = {

/* Begin PBXBuildFile section */
		176427CD23AAF49A007B6DB4 /* AppDelegate.swift in Sources */ = {isa = PBXBuildFile; fileRef = 176427CC23AAF49A007B6DB4 /* AppDelegate.swift */; };
		176427CF23AAF49A007B6DB4 /* SceneDelegate.swift in Sources */ = {isa = PBXBuildFile; fileRef = 176427CE23AAF49A007B6DB4 /* SceneDelegate.swift */; };
		176427D123AAF49A007B6DB4 /* ViewController.swift in Sources */ = {isa = PBXBuildFile; fileRef = 176427D023AAF49A007B6DB4 /* ViewController.swift */; };
		176427D423AAF49A007B6DB4 /* Main.storyboard in Resources */ = {isa = PBXBuildFile; fileRef = 176427D223AAF49A007B6DB4 /* Main.storyboard */; };
		176427D623AAF49B007B6DB4 /* Assets.xcassets in Resources */ = {isa = PBXBuildFile; fileRef = 176427D523AAF49B007B6DB4 /* Assets.xcassets */; };
		176427D923AAF49B007B6DB4 /* LaunchScreen.storyboard in Resources */ = {isa = PBXBuildFile; fileRef = 176427D723AAF49B007B6DB4 /* LaunchScreen.storyboard */; };
		176427E423AAF49B007B6DB4 /* TipCalculatorTests.swift in Sources */ = {isa = PBXBuildFile; fileRef = 176427E323AAF49B007B6DB4 /* TipCalculatorTests.swift */; };
		176427EF23AAF49B007B6DB4 /* TipCalculatorUITests.swift in Sources */ = {isa = PBXBuildFile; fileRef = 176427EE23AAF49B007B6DB4 /* TipCalculatorUITests.swift */; };
/* End PBXBuildFile section */

/* Begin PBXContainerItemProxy section */
		176427E023AAF49B007B6DB4 /* PBXContainerItemProxy */ = {
			isa = PBXContainerItemProxy;
			containerPortal = 176427C123AAF49A007B6DB4 /* Project object */;
			proxyType = 1;
			remoteGlobalIDString = 176427C823AAF49A007B6DB4;
			remoteInfo = TipCalculator;
		};
		176427EB23AAF49B007B6DB4 /* PBXContainerItemProxy */ = {
			isa = PBXContainerItemProxy;
			containerPortal = 176427C123AAF49A007B6DB4 /* Project object */;
			proxyType = 1;
			remoteGlobalIDString = 176427C823AAF49A007B6DB4;
			remoteInfo = TipCalculator;
		};
/* End PBXContainerItemProxy section */

/* Begin PBXFileReference section */
		176427C923AAF49A007B6DB4 /* TipCalculator.app */ = {isa = PBXFileReference; explicitFileType = wrapper.application; includeInIndex = 0; path = TipCalculator.app; sourceTree = BUILT_PRODUCTS_DIR; };
		176427CC23AAF49A007B6DB4 /* AppDelegate.swift */ = {isa = PBXFileReference; lastKnownFileType = sourcecode.swift; path = AppDelegate.swift; sourceTree = "<group>"; };
		176427CE23AAF49A007B6DB4 /* SceneDelegate.swift */ = {isa = PBXFileReference; lastKnownFileType = sourcecode.swift; path = SceneDelegate.swift; sourceTree = "<group>"; };
		176427D023AAF49A007B6DB4 /* ViewController.swift */ = {isa = PBXFileReference; lastKnownFileType = sourcecode.swift; path = ViewController.swift; sourceTree = "<group>"; };
		176427D323AAF49A007B6DB4 /* Base */ = {isa = PBXFileReference; lastKnownFileType = file.storyboard; name = Base; path = Base.lproj/Main.storyboard; sourceTree = "<group>"; };
		176427D523AAF49B007B6DB4 /* Assets.xcassets */ = {isa = PBXFileReference; lastKnownFileType = folder.assetcatalog; path = Assets.xcassets; sourceTree = "<group>"; };
		176427D823AAF49B007B6DB4 /* Base */ = {isa = PBXFileReference; lastKnownFileType = file.storyboard; name = Base; path = Base.lproj/LaunchScreen.storyboard; sourceTree = "<group>"; };
		176427DA23AAF49B007B6DB4 /* Info.plist */ = {isa = PBXFileReference; lastKnownFileType = text.plist.xml; path = Info.plist; sourceTree = "<group>"; };
		176427DF23AAF49B007B6DB4 /* TipCalculatorTests.xctest */ = {isa = PBXFileReference; explicitFileType = wrapper.cfbundle; includeInIndex = 0; path = TipCalculatorTests.xctest; sourceTree = BUILT_PRODUCTS_DIR; };
		176427E323AAF49B007B6DB4 /* TipCalculatorTests.swift */ = {isa = PBXFileReference; lastKnownFileType = sourcecode.swift; path = TipCalculatorTests.swift; sourceTree = "<group>"; };
		176427E523AAF49B007B6DB4 /* Info.plist */ = {isa = PBXFileReference; lastKnownFileType = text.plist.xml; path = Info.plist; sourceTree = "<group>"; };
		176427EA23AAF49B007B6DB4 /* TipCalculatorUITests.xctest */ = {isa = PBXFileReference; explicitFileType = wrapper.cfbundle; includeInIndex = 0; path = TipCalculatorUITests.xctest; sourceTree = BUILT_PRODUCTS_DIR; };
		176427EE23AAF49B007B6DB4 /* TipCalculatorUITests.swift */ = {isa = PBXFileReference; lastKnownFileType = sourcecode.swift; path = TipCalculatorUITests.swift; sourceTree = "<group>"; };
		176427F023AAF49B007B6DB4 /* Info.plist */ = {isa = PBXFileReference; lastKnownFileType = text.plist.xml; path = Info.plist; sourceTree = "<group>"; };
/* End PBXFileReference section */

/* Begin PBXFrameworksBuildPhase section */
		176427C623AAF49A007B6DB4 /* Frameworks */ = {
			isa = PBXFrameworksBuildPhase;
			buildActionMask = 2147483647;
			files = (
			);
			runOnlyForDeploymentPostprocessing = 0;
		};
		176427DC23AAF49B007B6DB4 /* Frameworks */ = {
			isa = PBXFrameworksBuildPhase;
			buildActionMask = 2147483647;
			files = (
			);
			runOnlyForDeploymentPostprocessing = 0;
		};
		176427E723AAF49B007B6DB4 /* Frameworks */ = {
			isa = PBXFrameworksBuildPhase;
			buildActionMask = 2147483647;
			files = (
			);
			runOnlyForDeploymentPostprocessing = 0;
		};
/* End PBXFrameworksBuildPhase section */

/* Begin PBXGroup section */
		176427C023AAF49A007B6DB4 = {
			isa = PBXGroup;
			children = (
				176427CB23AAF49A007B6DB4 /* TipCalculator */,
				176427E223AAF49B007B6DB4 /* TipCalculatorTests */,
				176427ED23AAF49B007B6DB4 /* TipCalculatorUITests */,
				176427CA23AAF49A007B6DB4 /* Products */,
			);
			sourceTree = "<group>";
		};
		176427CA23AAF49A007B6DB4 /* Products */ = {
			isa = PBXGroup;
			children = (
				176427C923AAF49A007B6DB4 /* TipCalculator.app */,
				176427DF23AAF49B007B6DB4 /* TipCalculatorTests.xctest */,
				176427EA23AAF49B007B6DB4 /* TipCalculatorUITests.xctest */,
			);
			name = Products;
			sourceTree = "<group>";
		};
		176427CB23AAF49A007B6DB4 /* TipCalculator */ = {
			isa = PBXGroup;
			children = (
				176427CC23AAF49A007B6DB4 /* AppDelegate.swift */,
				176427CE23AAF49A007B6DB4 /* SceneDelegate.swift */,
				176427D023AAF49A007B6DB4 /* ViewController.swift */,
				176427D223AAF49A007B6DB4 /* Main.storyboard */,
				176427D523AAF49B007B6DB4 /* Assets.xcassets */,
				176427D723AAF49B007B6DB4 /* LaunchScreen.storyboard */,
				176427DA23AAF49B007B6DB4 /* Info.plist */,
			);
			path = TipCalculator;
			sourceTree = "<group>";
		};
		176427E223AAF49B007B6DB4 /* TipCalculatorTests */ = {
			isa = PBXGroup;
			children = (
				176427E323AAF49B007B6DB4 /* TipCalculatorTests.swift */,
				176427E523AAF49B007B6DB4 /* Info.plist */,
			);
			path = TipCalculatorTests;
			sourceTree = "<group>";
		};
		176427ED23AAF49B007B6DB4 /* TipCalculatorUITests */ = {
			isa = PBXGroup;
			children = (
				176427EE23AAF49B007B6DB4 /* TipCalculatorUITests.swift */,
				176427F023AAF49B007B6DB4 /* Info.plist */,
			);
			path = TipCalculatorUITests;
			sourceTree = "<group>";
		};
/* End PBXGroup section */

/* Begin PBXNativeTarget section */
		176427C823AAF49A007B6DB4 /* TipCalculator */ = {
			isa = PBXNativeTarget;
			buildConfigurationList = 176427F323AAF49B007B6DB4 /* Build configuration list for PBXNativeTarget "TipCalculator" */;
			buildPhases = (
				176427C523AAF49A007B6DB4 /* Sources */,
				176427C623AAF49A007B6DB4 /* Frameworks */,
				176427C723AAF49A007B6DB4 /* Resources */,
			);
			buildRules = (
			);
			dependencies = (
			);
			name = TipCalculator;
			productName = TipCalculator;
			productReference = 176427C923AAF49A007B6DB4 /* TipCalculator.app */;
			productType = "com.apple.product-type.application";
		};
		176427DE23AAF49B007B6DB4 /* TipCalculatorTests */ = {
			isa = PBXNativeTarget;
			buildConfigurationList = 176427F623AAF49B007B6DB4 /* Build configuration list for PBXNativeTarget "TipCalculatorTests" */;
			buildPhases = (
				176427DB23AAF49B007B6DB4 /* Sources */,
				176427DC23AAF49B007B6DB4 /* Frameworks */,
				176427DD23AAF49B007B6DB4 /* Resources */,
			);
			buildRules = (
			);
			dependencies = (
				176427E123AAF49B007B6DB4 /* PBXTargetDependency */,
			);
			name = TipCalculatorTests;
			productName = TipCalculatorTests;
			productReference = 176427DF23AAF49B007B6DB4 /* TipCalculatorTests.xctest */;
			productType = "com.apple.product-type.bundle.unit-test";
		};
		176427E923AAF49B007B6DB4 /* TipCalculatorUITests */ = {
			isa = PBXNativeTarget;
			buildConfigurationList = 176427F923AAF49B007B6DB4 /* Build configuration list for PBXNativeTarget "TipCalculatorUITests" */;
			buildPhases = (
				176427E623AAF49B007B6DB4 /* Sources */,
				176427E723AAF49B007B6DB4 /* Frameworks */,
				176427E823AAF49B007B6DB4 /* Resources */,
			);
			buildRules = (
			);
			dependencies = (
				176427EC23AAF49B007B6DB4 /* PBXTargetDependency */,
			);
			name = TipCalculatorUITests;
			productName = TipCalculatorUITests;
			productReference = 176427EA23AAF49B007B6DB4 /* TipCalculatorUITests.xctest */;
			productType = "com.apple.product-type.bundle.ui-testing";
		};
/* End PBXNativeTarget section */

/* Begin PBXProject section */
		176427C123AAF49A007B6DB4 /* Project object */ = {
			isa = PBXProject;
			attributes = {
				LastSwiftUpdateCheck = 1100;
				LastUpgradeCheck = 1100;
				ORGANIZATIONNAME = Codepath;
				TargetAttributes = {
					176427C823AAF49A007B6DB4 = {
						CreatedOnToolsVersion = 11.0;
					};
					176427DE23AAF49B007B6DB4 = {
						CreatedOnToolsVersion = 11.0;
						TestTargetID = 176427C823AAF49A007B6DB4;
					};
					176427E923AAF49B007B6DB4 = {
						CreatedOnToolsVersion = 11.0;
						TestTargetID = 176427C823AAF49A007B6DB4;
					};
				};
			};
			buildConfigurationList = 176427C423AAF49A007B6DB4 /* Build configuration list for PBXProject "TipCalculator" */;
			compatibilityVersion = "Xcode 9.3";
			developmentRegion = en;
			hasScannedForEncodings = 0;
			knownRegions = (
				en,
				Base,
			);
			mainGroup = 176427C023AAF49A007B6DB4;
			productRefGroup = 176427CA23AAF49A007B6DB4 /* Products */;
			projectDirPath = "";
			projectRoot = "";
			targets = (
				176427C823AAF49A007B6DB4 /* TipCalculator */,
				176427DE23AAF49B007B6DB4 /* TipCalculatorTests */,
				176427E923AAF49B007B6DB4 /* TipCalculatorUITests */,
			);
		};
/* End PBXProject section */

/* Begin PBXResourcesBuildPhase section */
		176427C723AAF49A007B6DB4 /* Resources */ = {
			isa = PBXResourcesBuildPhase;
			buildActionMask = 2147483647;
			files = (
				176427D923AAF49B007B6DB4 /* LaunchScreen.storyboard in Resources */,
				176427D623AAF49B007B6DB4 /* Assets.xcassets in Resources */,
				176427D423AAF49A007B6DB4 /* Main.storyboard in Resources */,
			);
			runOnlyForDeploymentPostprocessing = 0;
		};
		176427DD23AAF49B007B6DB4 /* Resources */ = {
			isa = PBXResourcesBuildPhase;
			buildActionMask = 2147483647;
			files = (
			);
			runOnlyForDeploymentPostprocessing = 0;
		};
		176427E823AAF49B007B6DB4 /* Resources */ = {
			isa = PBXResourcesBuildPhase;
			buildActionMask = 2147483647;
			files = (
			);
			runOnlyForDeploymentPostprocessing = 0;
		};
/* End PBXResourcesBuildPhase section */

/* Begin PBXSourcesBuildPhase section */
		176427C523AAF49A007B6DB4 /* Sources */ = {
			isa = PBXSourcesBuildPhase;
			buildActionMask = 2147483647;
			files = (
				176427D123AAF49A007B6DB4 /* ViewController.swift in Sources */,
				176427CD23AAF49A007B6DB4 /* AppDelegate.swift in Sources */,
				176427CF23AAF49A007B6DB4 /* SceneDelegate.swift in Sources */,
			);
			runOnlyForDeploymentPostprocessing = 0;
		};
		176427DB23AAF49B007B6DB4 /* Sources */ = {
			isa = PBXSourcesBuildPhase;
			buildActionMask = 2147483647;
			files = (
				176427E423AAF49B007B6DB4 /* TipCalculatorTests.swift in Sources */,
			);
			runOnlyForDeploymentPostprocessing = 0;
		};
		176427E623AAF49B007B6DB4 /* Sources */ = {
			isa = PBXSourcesBuildPhase;
			buildActionMask = 2147483647;
			files = (
				176427EF23AAF49B007B6DB4 /* TipCalculatorUITests.swift in Sources */,
			);
			runOnlyForDeploymentPostprocessing = 0;
		};
/* End PBXSourcesBuildPhase section */

/* Begin PBXTargetDependency section */
		176427E123AAF49B007B6DB4 /* PBXTargetDependency */ = {
			isa = PBXTargetDependency;
			target = 176427C823AAF49A007B6DB4 /* TipCalculator */;
			targetProxy = 176427E023AAF49B007B6DB4 /* PBXContainerItemProxy */;
		};
		176427EC23AAF49B007B6DB4 /* PBXTargetDependency */ = {
			isa = PBXTargetDependency;
			target = 176427C823AAF49A007B6DB4 /* TipCalculator */;
			targetProxy = 176427EB23AAF49B007B6DB4 /* PBXContainerItemProxy */;
		};
/* End PBXTargetDependency section */

/* Begin PBXVariantGroup section */
		176427D223AAF49A007B6DB4 /* Main.storyboard */ = {
			isa = PBXVariantGroup;
			children = (
				176427D323AAF49A007B6DB4 /* Base */,
			);
			name = Main.storyboard;
			sourceTree = "<group>";
		};
		176427D723AAF49B007B6DB4 /* LaunchScreen.storyboard */ = {
			isa = PBXVariantGroup;
			children = (
				176427D823AAF49B007B6DB4 /* Base */,
			);
			name = LaunchScreen.storyboard;
			sourceTree = "<group>";
		};
/* End PBXVariantGroup section */

/* Begin XCBuildConfiguration section */
		176427F123AAF49B007B6DB4 /* Debug */ = {
			isa = XCBuildConfiguration;
			buildSettings = {
				ALWAYS_SEARCH_USER_PATHS = NO;
				CLANG_ANALYZER_NONNULL = YES;
				CLANG_ANALYZER_NUMBER_OBJECT_CONVERSION = YES_AGGRESSIVE;
				CLANG_CXX_LANGUAGE_STANDARD = "gnu++14";
				CLANG_CXX_LIBRARY = "libc++";
				CLANG_ENABLE_MODULES = YES;
				CLANG_ENABLE_OBJC_ARC = YES;
				CLANG_ENABLE_OBJC_WEAK = YES;
				CLANG_WARN_BLOCK_CAPTURE_AUTORELEASING = YES;
				CLANG_WARN_BOOL_CONVERSION = YES;
				CLANG_WARN_COMMA = YES;
				CLANG_WARN_CONSTANT_CONVERSION = YES;
				CLANG_WARN_DEPRECATED_OBJC_IMPLEMENTATIONS = YES;
				CLANG_WARN_DIRECT_OBJC_ISA_USAGE = YES_ERROR;
				CLANG_WARN_DOCUMENTATION_COMMENTS = YES;
				CLANG_WARN_EMPTY_BODY = YES;
				CLANG_WARN_ENUM_CONVERSION = YES;
				CLANG_WARN_INFINITE_RECURSION = YES;
				CLANG_WARN_INT_CONVERSION = YES;
				CLANG_WARN_NON_LITERAL_NULL_CONVERSION = YES;
				CLANG_WARN_OBJC_IMPLICIT_RETAIN_SELF = YES;
				CLANG_WARN_OBJC_LITERAL_CONVERSION = YES;
				CLANG_WARN_OBJC_ROOT_CLASS = YES_ERROR;
				CLANG_WARN_RANGE_LOOP_ANALYSIS = YES;
				CLANG_WARN_STRICT_PROTOTYPES = YES;
				CLANG_WARN_SUSPICIOUS_MOVE = YES;
				CLANG_WARN_UNGUARDED_AVAILABILITY = YES_AGGRESSIVE;
				CLANG_WARN_UNREACHABLE_CODE = YES;
				CLANG_WARN__DUPLICATE_METHOD_MATCH = YES;
				COPY_PHASE_STRIP = NO;
				DEBUG_INFORMATION_FORMAT = dwarf;
				ENABLE_STRICT_OBJC_MSGSEND = YES;
				ENABLE_TESTABILITY = YES;
				GCC_C_LANGUAGE_STANDARD = gnu11;
				GCC_DYNAMIC_NO_PIC = NO;
				GCC_NO_COMMON_BLOCKS = YES;
				GCC_OPTIMIZATION_LEVEL = 0;
				GCC_PREPROCESSOR_DEFINITIONS = (
					"DEBUG=1",
					"$(inherited)",
				);
				GCC_WARN_64_TO_32_BIT_CONVERSION = YES;
				GCC_WARN_ABOUT_RETURN_TYPE = YES_ERROR;
				GCC_WARN_UNDECLARED_SELECTOR = YES;
				GCC_WARN_UNINITIALIZED_AUTOS = YES_AGGRESSIVE;
				GCC_WARN_UNUSED_FUNCTION = YES;
				GCC_WARN_UNUSED_VARIABLE = YES;
				IPHONEOS_DEPLOYMENT_TARGET = 13.0;
				MTL_ENABLE_DEBUG_INFO = INCLUDE_SOURCE;
				MTL_FAST_MATH = YES;
				ONLY_ACTIVE_ARCH = YES;
				SDKROOT = iphoneos;
				SWIFT_ACTIVE_COMPILATION_CONDITIONS = DEBUG;
				SWIFT_OPTIMIZATION_LEVEL = "-Onone";
			};
			name = Debug;
		};
		176427F223AAF49B007B6DB4 /* Release */ = {
			isa = XCBuildConfiguration;
			buildSettings = {
				ALWAYS_SEARCH_USER_PATHS = NO;
				CLANG_ANALYZER_NONNULL = YES;
				CLANG_ANALYZER_NUMBER_OBJECT_CONVERSION = YES_AGGRESSIVE;
				CLANG_CXX_LANGUAGE_STANDARD = "gnu++14";
				CLANG_CXX_LIBRARY = "libc++";
				CLANG_ENABLE_MODULES = YES;
				CLANG_ENABLE_OBJC_ARC = YES;
				CLANG_ENABLE_OBJC_WEAK = YES;
				CLANG_WARN_BLOCK_CAPTURE_AUTORELEASING = YES;
				CLANG_WARN_BOOL_CONVERSION = YES;
				CLANG_WARN_COMMA = YES;
				CLANG_WARN_CONSTANT_CONVERSION = YES;
				CLANG_WARN_DEPRECATED_OBJC_IMPLEMENTATIONS = YES;
				CLANG_WARN_DIRECT_OBJC_ISA_USAGE = YES_ERROR;
				CLANG_WARN_DOCUMENTATION_COMMENTS = YES;
				CLANG_WARN_EMPTY_BODY = YES;
				CLANG_WARN_ENUM_CONVERSION = YES;
				CLANG_WARN_INFINITE_RECURSION = YES;
				CLANG_WARN_INT_CONVERSION = YES;
				CLANG_WARN_NON_LITERAL_NULL_CONVERSION = YES;
				CLANG_WARN_OBJC_IMPLICIT_RETAIN_SELF = YES;
				CLANG_WARN_OBJC_LITERAL_CONVERSION = YES;
				CLANG_WARN_OBJC_ROOT_CLASS = YES_ERROR;
				CLANG_WARN_RANGE_LOOP_ANALYSIS = YES;
				CLANG_WARN_STRICT_PROTOTYPES = YES;
				CLANG_WARN_SUSPICIOUS_MOVE = YES;
				CLANG_WARN_UNGUARDED_AVAILABILITY = YES_AGGRESSIVE;
				CLANG_WARN_UNREACHABLE_CODE = YES;
				CLANG_WARN__DUPLICATE_METHOD_MATCH = YES;
				COPY_PHASE_STRIP = NO;
				DEBUG_INFORMATION_FORMAT = "dwarf-with-dsym";
				ENABLE_NS_ASSERTIONS = NO;
				ENABLE_STRICT_OBJC_MSGSEND = YES;
				GCC_C_LANGUAGE_STANDARD = gnu11;
				GCC_NO_COMMON_BLOCKS = YES;
				GCC_WARN_64_TO_32_BIT_CONVERSION = YES;
				GCC_WARN_ABOUT_RETURN_TYPE = YES_ERROR;
				GCC_WARN_UNDECLARED_SELECTOR = YES;
				GCC_WARN_UNINITIALIZED_AUTOS = YES_AGGRESSIVE;
				GCC_WARN_UNUSED_FUNCTION = YES;
				GCC_WARN_UNUSED_VARIABLE = YES;
				IPHONEOS_DEPLOYMENT_TARGET = 13.0;
				MTL_ENABLE_DEBUG_INFO = NO;
				MTL_FAST_MATH = YES;
				SDKROOT = iphoneos;
				SWIFT_COMPILATION_MODE = wholemodule;
				SWIFT_OPTIMIZATION_LEVEL = "-O";
				VALIDATE_PRODUCT = YES;
			};
			name = Release;
		};
		176427F423AAF49B007B6DB4 /* Debug */ = {
			isa = XCBuildConfiguration;
			buildSettings = {
				ASSETCATALOG_COMPILER_APPICON_NAME = AppIcon;
				CODE_SIGN_STYLE = Automatic;
				DEVELOPMENT_TEAM = 5A8TX8885R;
				INFOPLIST_FILE = TipCalculator/Info.plist;
				LD_RUNPATH_SEARCH_PATHS = (
					"$(inherited)",
					"@executable_path/Frameworks",
				);
				PRODUCT_BUNDLE_IDENTIFIER = com.Codepath.TipCalculator;
				PRODUCT_NAME = "$(TARGET_NAME)";
				SWIFT_VERSION = 5.0;
				TARGETED_DEVICE_FAMILY = "1,2";
			};
			name = Debug;
		};
		176427F523AAF49B007B6DB4 /* Release */ = {
			isa = XCBuildConfiguration;
			buildSettings = {
				ASSETCATALOG_COMPILER_APPICON_NAME = AppIcon;
				CODE_SIGN_STYLE = Automatic;
				DEVELOPMENT_TEAM = 5A8TX8885R;
				INFOPLIST_FILE = TipCalculator/Info.plist;
				LD_RUNPATH_SEARCH_PATHS = (
					"$(inherited)",
					"@executable_path/Frameworks",
				);
				PRODUCT_BUNDLE_IDENTIFIER = com.Codepath.TipCalculator;
				PRODUCT_NAME = "$(TARGET_NAME)";
				SWIFT_VERSION = 5.0;
				TARGETED_DEVICE_FAMILY = "1,2";
			};
			name = Release;
		};
		176427F723AAF49B007B6DB4 /* Debug */ = {
			isa = XCBuildConfiguration;
			buildSettings = {
				ALWAYS_EMBED_SWIFT_STANDARD_LIBRARIES = YES;
				BUNDLE_LOADER = "$(TEST_HOST)";
				CODE_SIGN_STYLE = Automatic;
				DEVELOPMENT_TEAM = 5A8TX8885R;
				INFOPLIST_FILE = TipCalculatorTests/Info.plist;
				IPHONEOS_DEPLOYMENT_TARGET = 13.0;
				LD_RUNPATH_SEARCH_PATHS = (
					"$(inherited)",
					"@executable_path/Frameworks",
					"@loader_path/Frameworks",
				);
				PRODUCT_BUNDLE_IDENTIFIER = com.Codepath.TipCalculatorTests;
				PRODUCT_NAME = "$(TARGET_NAME)";
				SWIFT_VERSION = 5.0;
				TARGETED_DEVICE_FAMILY = "1,2";
				TEST_HOST = "$(BUILT_PRODUCTS_DIR)/TipCalculator.app/TipCalculator";
			};
			name = Debug;
		};
		176427F823AAF49B007B6DB4 /* Release */ = {
			isa = XCBuildConfiguration;
			buildSettings = {
				ALWAYS_EMBED_SWIFT_STANDARD_LIBRARIES = YES;
				BUNDLE_LOADER = "$(TEST_HOST)";
				CODE_SIGN_STYLE = Automatic;
				DEVELOPMENT_TEAM = 5A8TX8885R;
				INFOPLIST_FILE = TipCalculatorTests/Info.plist;
				IPHONEOS_DEPLOYMENT_TARGET = 13.0;
				LD_RUNPATH_SEARCH_PATHS = (
					"$(inherited)",
					"@executable_path/Frameworks",
					"@loader_path/Frameworks",
				);
				PRODUCT_BUNDLE_IDENTIFIER = com.Codepath.TipCalculatorTests;
				PRODUCT_NAME = "$(TARGET_NAME)";
				SWIFT_VERSION = 5.0;
				TARGETED_DEVICE_FAMILY = "1,2";
				TEST_HOST = "$(BUILT_PRODUCTS_DIR)/TipCalculator.app/TipCalculator";
			};
			name = Release;
		};
		176427FA23AAF49B007B6DB4 /* Debug */ = {
			isa = XCBuildConfiguration;
			buildSettings = {
				ALWAYS_EMBED_SWIFT_STANDARD_LIBRARIES = YES;
				CODE_SIGN_STYLE = Automatic;
				DEVELOPMENT_TEAM = 5A8TX8885R;
				INFOPLIST_FILE = TipCalculatorUITests/Info.plist;
				LD_RUNPATH_SEARCH_PATHS = (
					"$(inherited)",
					"@executable_path/Frameworks",
					"@loader_path/Frameworks",
				);
				PRODUCT_BUNDLE_IDENTIFIER = com.Codepath.TipCalculatorUITests;
				PRODUCT_NAME = "$(TARGET_NAME)";
				SWIFT_VERSION = 5.0;
				TARGETED_DEVICE_FAMILY = "1,2";
				TEST_TARGET_NAME = TipCalculator;
			};
			name = Debug;
		};
		176427FB23AAF49B007B6DB4 /* Release */ = {
			isa = XCBuildConfiguration;
			buildSettings = {
				ALWAYS_EMBED_SWIFT_STANDARD_LIBRARIES = YES;
				CODE_SIGN_STYLE = Automatic;
				DEVELOPMENT_TEAM = 5A8TX8885R;
				INFOPLIST_FILE = TipCalculatorUITests/Info.plist;
				LD_RUNPATH_SEARCH_PATHS = (
					"$(inherited)",
					"@executable_path/Frameworks",
					"@loader_path/Frameworks",
				);
				PRODUCT_BUNDLE_IDENTIFIER = com.Codepath.TipCalculatorUITests;
				PRODUCT_NAME = "$(TARGET_NAME)";
				SWIFT_VERSION = 5.0;
				TARGETED_DEVICE_FAMILY = "1,2";
				TEST_TARGET_NAME = TipCalculator;
			};
			name = Release;
		};
/* End XCBuildConfiguration section */

/* Begin XCConfigurationList section */
		176427C423AAF49A007B6DB4 /* Build configuration list for PBXProject "TipCalculator" */ = {
			isa = XCConfigurationList;
			buildConfigurations = (
				176427F123AAF49B007B6DB4 /* Debug */,
				176427F223AAF49B007B6DB4 /* Release */,
			);
			defaultConfigurationIsVisible = 0;
			defaultConfigurationName = Release;
		};
		176427F323AAF49B007B6DB4 /* Build configuration list for PBXNativeTarget "TipCalculator" */ = {
			isa = XCConfigurationList;
			buildConfigurations = (
				176427F423AAF49B007B6DB4 /* Debug */,
				176427F523AAF49B007B6DB4 /* Release */,
			);
			defaultConfigurationIsVisible = 0;
			defaultConfigurationName = Release;
		};
		176427F623AAF49B007B6DB4 /* Build configuration list for PBXNativeTarget "TipCalculatorTests" */ = {
			isa = XCConfigurationList;
			buildConfigurations = (
				176427F723AAF49B007B6DB4 /* Debug */,
				176427F823AAF49B007B6DB4 /* Release */,
			);
			defaultConfigurationIsVisible = 0;
			defaultConfigurationName = Release;
		};
		176427F923AAF49B007B6DB4 /* Build configuration list for PBXNativeTarget "TipCalculatorUITests" */ = {
			isa = XCConfigurationList;
			buildConfigurations = (
				176427FA23AAF49B007B6DB4 /* Debug */,
				176427FB23AAF49B007B6DB4 /* Release */,
			);
			defaultConfigurationIsVisible = 0;
			defaultConfigurationName = Release;
		};
/* End XCConfigurationList section */
	};
	rootObject = 176427C123AAF49A007B6DB4 /* Project object */;
}
